
Microsoft Visual Studio Solution File, Format Version 12.00
# Visual Studio 15
VisualStudioVersion = 15.0.28307.489
MinimumVisualStudioVersion = 10.0.40219.1
Project("{9A19103F-16F7-4668-BE54-9A1E7A4F7556}") = "PLMSide", "PLMSide\PLMSide.csproj", "{EF84C320-B51B-43EC-98B3-0B748B699583}"
EndProject
Project("{9A19103F-16F7-4668-BE54-9A1E7A4F7556}") = "PLMSide.Data", "PLMSide.Data\PLMSide.Data.csproj", "{E21E0689-9457-442E-8864-51F39A7EA17B}"
EndProject
Project("{FAE04EC0-301F-11D3-BF4B-00C04F79EFBC}") = "PLMSide.Common", "PLMSide.Common\PLMSide.Common.csproj", "{8503A646-1A5E-49A0-B371-78B27630FB52}"
EndProject
Global
	GlobalSection(SolutionConfigurationPlatforms) = preSolution
		Debug|Any CPU = Debug|Any CPU
		Release|Any CPU = Release|Any CPU
	EndGlobalSection
	GlobalSection(ProjectConfigurationPlatforms) = postSolution
		{EF84C320-B51B-43EC-98B3-0B748B699583}.Debug|Any CPU.ActiveCfg = Debug|Any CPU
		{EF84C320-B51B-43EC-98B3-0B748B699583}.Debug|Any CPU.Build.0 = Debug|Any CPU
		{EF84C320-B51B-43EC-98B3-0B748B699583}.Release|Any CPU.ActiveCfg = Release|Any CPU
		{EF84C320-B51B-43EC-98B3-0B748B699583}.Release|Any CPU.Build.0 = Release|Any CPU
		{E21E0689-9457-442E-8864-51F39A7EA17B}.Debug|Any CPU.ActiveCfg = Debug|Any CPU
		{E21E0689-9457-442E-8864-51F39A7EA17B}.Debug|Any CPU.Build.0 = Debug|Any CPU
		{E21E0689-9457-442E-8864-51F39A7EA17B}.Release|Any CPU.ActiveCfg = Release|Any CPU
		{E21E0689-9457-442E-8864-51F39A7EA17B}.Release|Any CPU.Build.0 = Release|Any CPU
		{8503A646-1A5E-49A0-B371-78B27630FB52}.Debug|Any CPU.ActiveCfg = Debug|Any CPU
		{8503A646-1A5E-49A0-B371-78B27630FB52}.Debug|Any CPU.Build.0 = Debug|Any CPU
		{8503A646-1A5E-49A0-B371-78B27630FB52}.Release|Any CPU.ActiveCfg = Release|Any CPU
		{8503A646-1A5E-49A0-B371-78B27630FB52}.Release|Any CPU.Build.0 = Release|Any CPU
	EndGlobalSection
	GlobalSection(SolutionProperties) = preSolution
		HideSolutionNode = FALSE
	EndGlobalSection
	GlobalSection(ExtensibilityGlobals) = postSolution
		SolutionGuid = {0C649038-D714-4EA1-9F4E-449E119C2EE1}
	EndGlobalSection
EndGlobal
